# This file is autogenerated, do not edit; changes may be undone by the next 'dep ensure'.


[[projects]]
  digest = "1:75b6e611eafd029c4a94ec38c9fb44b93fecae2d6c9d7a3db9826333f630cb22"
  name = "github.com/aws/aws-lambda-go"
  packages = [
    "events",
    "lambda",
    "lambda/messages",
    "lambdacontext",
  ]
  pruneopts = ""
  revision = "9e3676ee8ca83aee500682f382e10b9d03660093"
  version = "v1.8.0"

[[projects]]
  digest = "1:1dda3a3a49b38cd5933e7181c191b02884d208d64a00b6e350bc07f6debc083a"
  name = "github.com/graphql-go/graphql"
  packages = [
    ".",
    "gqlerrors",
    "language/ast",
    "language/kinds",
    "language/lexer",
    "language/location",
    "language/parser",
    "language/printer",
    "language/source",
    "language/typeInfo",
    "language/visitor",
  ]
  pruneopts = ""
  revision = "08943645bf265d192b32f2100cdff2428f7ae7c5"
  version = "v0.7.7"

[[projects]]
  digest = "1:7df5a9695a743c3e1626b28bb8741602c8c15527e1efaeaec48ab2ff9a23f74c"
  name = "github.com/joho/godotenv"
  packages = ["."]
  pruneopts = ""
  revision = "23d116af351c84513e1946b527c88823e476be13"
  version = "v1.3.0"

[[projects]]
  branch = "master"
  digest = "1:543e41de2d5f4355ffd72a9a21cb6d3314e809e6c50ff771ec044c667e84f29e"
  name = "github.com/vladimir-chernenko/fixerapi"
  packages = ["."]
  pruneopts = ""
  revision = "1123f0ab1ddb743af90dbec461d420f7ec338b8c"

[[projects]]
  branch = "master"
  digest = "1:57aaec099199337a4c3588dad57532c3628014d81490a9a921399d56b89574d3"
  name = "github.com/vladimir-chernenko/ipapi"
  packages = ["."]
  pruneopts = ""
  revision = "10b0e4786364792a5a446a5b72db11edd0960939"

[solve-meta]
  analyzer-name = "dep"
  analyzer-version = 1
  input-imports = [
    "github.com/aws/aws-lambda-go/events",
    "github.com/aws/aws-lambda-go/lambda",
    "github.com/graphql-go/graphql",
    "github.com/joho/godotenv",
    "github.com/vladimir-chernenko/fixerapi",
    "github.com/vladimir-chernenko/ipapi",
  ]
  solver-name = "gps-cdcl"
  solver-version = 1
